// !$*UTF8*$!
{
	archiveVersion = 1;
	classes = {
	};
	objectVersion = 46;
	objects = {

/* Begin PBXBuildFile section */
		029810568B6D7C5831EA5D6F /* libPods-objc-di.a in Frameworks */ = {isa = PBXBuildFile; fileRef = 5A4E97BD01A261D2132A80FE /* libPods-objc-di.a */; };
		070908F61CEC3777008B56AC /* ProductServiceSpec.mm in Sources */ = {isa = PBXBuildFile; fileRef = 0739CAB41CEC36F8006FDB07 /* ProductServiceSpec.mm */; };
		070F3ED71CEE098300574D27 /* ProductDetailsViewModel.m in Sources */ = {isa = PBXBuildFile; fileRef = 070F3ED61CEE098300574D27 /* ProductDetailsViewModel.m */; };
		070F3ED81CEE098300574D27 /* ProductDetailsViewModel.m in Sources */ = {isa = PBXBuildFile; fileRef = 070F3ED61CEE098300574D27 /* ProductDetailsViewModel.m */; };
		070F3EDD1CEE0AA200574D27 /* ProductDetailsViewModelSpec.mm in Sources */ = {isa = PBXBuildFile; fileRef = 070F3EDC1CEE0AA200574D27 /* ProductDetailsViewModelSpec.mm */; };
		070F3EE11CEE0D3300574D27 /* ProductDetailsViewController.m in Sources */ = {isa = PBXBuildFile; fileRef = 070F3EE01CEE0D3300574D27 /* ProductDetailsViewController.m */; };
		070F3EE21CEE0D3300574D27 /* ProductDetailsViewController.m in Sources */ = {isa = PBXBuildFile; fileRef = 070F3EE01CEE0D3300574D27 /* ProductDetailsViewController.m */; };
		070F3F001CEE44D200574D27 /* ShoppingCartService.m in Sources */ = {isa = PBXBuildFile; fileRef = 070F3EFF1CEE44D200574D27 /* ShoppingCartService.m */; };
		070F3F011CEE44D200574D27 /* ShoppingCartService.m in Sources */ = {isa = PBXBuildFile; fileRef = 070F3EFF1CEE44D200574D27 /* ShoppingCartService.m */; };
		070F3F051CEE450F00574D27 /* ShoppingCartAssembly.m in Sources */ = {isa = PBXBuildFile; fileRef = 070F3F041CEE450F00574D27 /* ShoppingCartAssembly.m */; };
		070F3F061CEE450F00574D27 /* ShoppingCartAssembly.m in Sources */ = {isa = PBXBuildFile; fileRef = 070F3F041CEE450F00574D27 /* ShoppingCartAssembly.m */; };
		070F3F111CEE619F00574D27 /* SKUThumbnailViewModel.m in Sources */ = {isa = PBXBuildFile; fileRef = 070F3F101CEE619F00574D27 /* SKUThumbnailViewModel.m */; };
		070F3F121CEE619F00574D27 /* SKUThumbnailViewModel.m in Sources */ = {isa = PBXBuildFile; fileRef = 070F3F101CEE619F00574D27 /* SKUThumbnailViewModel.m */; };
		070F3F241CEF56ED00574D27 /* ProductService.m in Sources */ = {isa = PBXBuildFile; fileRef = 070F3F231CEF56ED00574D27 /* ProductService.m */; };
		070F3F251CEF56ED00574D27 /* ProductService.m in Sources */ = {isa = PBXBuildFile; fileRef = 070F3F231CEF56ED00574D27 /* ProductService.m */; };
		070F3F311CEF655500574D27 /* ProductCatalogViewController.m in Sources */ = {isa = PBXBuildFile; fileRef = 070F3F301CEF655500574D27 /* ProductCatalogViewController.m */; };
		070F3F321CEF655500574D27 /* ProductCatalogViewController.m in Sources */ = {isa = PBXBuildFile; fileRef = 070F3F301CEF655500574D27 /* ProductCatalogViewController.m */; };
		070F3F371CEF665E00574D27 /* ProductCatalogViewController.xib in Resources */ = {isa = PBXBuildFile; fileRef = 070F3F361CEF665E00574D27 /* ProductCatalogViewController.xib */; };
		070F3F381CEF665E00574D27 /* ProductCatalogViewController.xib in Resources */ = {isa = PBXBuildFile; fileRef = 070F3F361CEF665E00574D27 /* ProductCatalogViewController.xib */; };
		070F3F3D1CEF6C4E00574D27 /* BannerNotification.m in Sources */ = {isa = PBXBuildFile; fileRef = 070F3F3C1CEF6C4E00574D27 /* BannerNotification.m */; };
		070F3F3E1CEF6C4E00574D27 /* BannerNotification.m in Sources */ = {isa = PBXBuildFile; fileRef = 070F3F3C1CEF6C4E00574D27 /* BannerNotification.m */; };
		070F3F471CEF6DC800574D27 /* CustomerReview.m in Sources */ = {isa = PBXBuildFile; fileRef = 070F3F401CEF6DC800574D27 /* CustomerReview.m */; };
		070F3F481CEF6DC800574D27 /* CustomerReview.m in Sources */ = {isa = PBXBuildFile; fileRef = 070F3F401CEF6DC800574D27 /* CustomerReview.m */; };
		070F3F491CEF6DC800574D27 /* Product.m in Sources */ = {isa = PBXBuildFile; fileRef = 070F3F421CEF6DC800574D27 /* Product.m */; };
		070F3F4A1CEF6DC800574D27 /* Product.m in Sources */ = {isa = PBXBuildFile; fileRef = 070F3F421CEF6DC800574D27 /* Product.m */; };
		070F3F4B1CEF6DC800574D27 /* ReservationConfirmation.m in Sources */ = {isa = PBXBuildFile; fileRef = 070F3F441CEF6DC800574D27 /* ReservationConfirmation.m */; };
		070F3F4C1CEF6DC800574D27 /* ReservationConfirmation.m in Sources */ = {isa = PBXBuildFile; fileRef = 070F3F441CEF6DC800574D27 /* ReservationConfirmation.m */; };
		070F3F4D1CEF6DC800574D27 /* SKU.m in Sources */ = {isa = PBXBuildFile; fileRef = 070F3F461CEF6DC800574D27 /* SKU.m */; };
		070F3F4E1CEF6DC800574D27 /* SKU.m in Sources */ = {isa = PBXBuildFile; fileRef = 070F3F461CEF6DC800574D27 /* SKU.m */; };
		070F3F521CEF6E3700574D27 /* ProductDetailsModel.m in Sources */ = {isa = PBXBuildFile; fileRef = 070F3F511CEF6E3700574D27 /* ProductDetailsModel.m */; };
		070F3F531CEF6E3700574D27 /* ProductDetailsModel.m in Sources */ = {isa = PBXBuildFile; fileRef = 070F3F511CEF6E3700574D27 /* ProductDetailsModel.m */; };
		072A8D881CF35D7900D87541 /* ProductDetailsViewController.xib in Resources */ = {isa = PBXBuildFile; fileRef = 072A8D871CF35D7900D87541 /* ProductDetailsViewController.xib */; };
		072A8D891CF35D7900D87541 /* ProductDetailsViewController.xib in Resources */ = {isa = PBXBuildFile; fileRef = 072A8D871CF35D7900D87541 /* ProductDetailsViewController.xib */; };
		072A8D8D1CF3614D00D87541 /* ProductImagesDataSource.m in Sources */ = {isa = PBXBuildFile; fileRef = 072A8D8C1CF3614D00D87541 /* ProductImagesDataSource.m */; };
		072A8D8E1CF3614D00D87541 /* ProductImagesDataSource.m in Sources */ = {isa = PBXBuildFile; fileRef = 072A8D8C1CF3614D00D87541 /* ProductImagesDataSource.m */; };
		0739CABD1CEC372F006FDB07 /* Specs.m in Sources */ = {isa = PBXBuildFile; fileRef = 0739CABC1CEC372F006FDB07 /* Specs.m */; };
		074E0FCB1CEBE042005CC2F9 /* MetricsService.m in Sources */ = {isa = PBXBuildFile; fileRef = 074E0FCA1CEBE042005CC2F9 /* MetricsService.m */; };
		074E0FCE1CEBE0C4005CC2F9 /* MainAssembly.m in Sources */ = {isa = PBXBuildFile; fileRef = 074E0FCD1CEBE0C4005CC2F9 /* MainAssembly.m */; };
		074E0FD21CEBE240005CC2F9 /* HTTPRequest.m in Sources */ = {isa = PBXBuildFile; fileRef = 074E0FD11CEBE240005CC2F9 /* HTTPRequest.m */; };
		07812E431CEF6F7B003F754D /* Main.storyboard in Resources */ = {isa = PBXBuildFile; fileRef = 07812E411CEF6F7B003F754D /* Main.storyboard */; };
		07812E471CEF959B003F754D /* OnDemandImageView.m in Sources */ = {isa = PBXBuildFile; fileRef = 07812E461CEF959B003F754D /* OnDemandImageView.m */; };
		07812E4A1CEF9A42003F754D /* App.m in Sources */ = {isa = PBXBuildFile; fileRef = 07812E491CEF9A42003F754D /* App.m */; };
		07D3B40F1CEC385700AFF33D /* MainAssembly.m in Sources */ = {isa = PBXBuildFile; fileRef = 074E0FCD1CEBE0C4005CC2F9 /* MainAssembly.m */; };
		07D3B4101CEC385C00AFF33D /* MetricsService.m in Sources */ = {isa = PBXBuildFile; fileRef = 074E0FCA1CEBE042005CC2F9 /* MetricsService.m */; };
		07D3B4111CEC386000AFF33D /* HTTPRequest.m in Sources */ = {isa = PBXBuildFile; fileRef = 074E0FD11CEBE240005CC2F9 /* HTTPRequest.m */; };
		07D72EBE1CEBDD100015080E /* main.m in Sources */ = {isa = PBXBuildFile; fileRef = 07D72EBD1CEBDD100015080E /* main.m */; };
		07D72EC11CEBDD100015080E /* AppDelegate.m in Sources */ = {isa = PBXBuildFile; fileRef = 07D72EC01CEBDD100015080E /* AppDelegate.m */; };
		07D72EC91CEBDD110015080E /* Assets.xcassets in Resources */ = {isa = PBXBuildFile; fileRef = 07D72EC81CEBDD110015080E /* Assets.xcassets */; };
		07D72ECC1CEBDD110015080E /* LaunchScreen.storyboard in Resources */ = {isa = PBXBuildFile; fileRef = 07D72ECA1CEBDD110015080E /* LaunchScreen.storyboard */; };
		07DC3F751D00967A008686FA /* DIServiceLocator.m in Sources */ = {isa = PBXBuildFile; fileRef = 07DC3F741D00967A008686FA /* DIServiceLocator.m */; };
		07DC3F761D00967A008686FA /* DIServiceLocator.m in Sources */ = {isa = PBXBuildFile; fileRef = 07DC3F741D00967A008686FA /* DIServiceLocator.m */; };
		07E672F91CECB353006233A6 /* User.m in Sources */ = {isa = PBXBuildFile; fileRef = 07E672F81CECB353006233A6 /* User.m */; };
		07E672FA1CECB353006233A6 /* User.m in Sources */ = {isa = PBXBuildFile; fileRef = 07E672F81CECB353006233A6 /* User.m */; };
		4195E6BAB9E99778541A671A /* libPods-Specs.a in Frameworks */ = {isa = PBXBuildFile; fileRef = 398E28708AFB6DDB27FB940E /* libPods-Specs.a */; };
/* End PBXBuildFile section */

/* Begin PBXContainerItemProxy section */
		0739CABF1CEC372F006FDB07 /* PBXContainerItemProxy */ = {
			isa = PBXContainerItemProxy;
			containerPortal = 07D72EB11CEBDD100015080E /* Project object */;
			proxyType = 1;
			remoteGlobalIDString = 07D72EB81CEBDD100015080E;
			remoteInfo = "objc-di";
		};
/* End PBXContainerItemProxy section */

/* Begin PBXFileReference section */
		070F3ED51CEE098300574D27 /* ProductDetailsViewModel.h */ = {isa = PBXFileReference; fileEncoding = 4; lastKnownFileType = sourcecode.c.h; name = ProductDetailsViewModel.h; path = ProductDetails/ViewModels/ProductDetailsViewModel.h; sourceTree = "<group>"; };
		070F3ED61CEE098300574D27 /* ProductDetailsViewModel.m */ = {isa = PBXFileReference; fileEncoding = 4; lastKnownFileType = sourcecode.c.objc; name = ProductDetailsViewModel.m; path = ProductDetails/ViewModels/ProductDetailsViewModel.m; sourceTree = "<group>"; };
		070F3EDC1CEE0AA200574D27 /* ProductDetailsViewModelSpec.mm */ = {isa = PBXFileReference; fileEncoding = 4; lastKnownFileType = sourcecode.cpp.objcpp; name = ProductDetailsViewModelSpec.mm; path = ProductDetails/Specs/ProductDetailsViewModelSpec.mm; sourceTree = "<group>"; };
		070F3EDF1CEE0D3300574D27 /* ProductDetailsViewController.h */ = {isa = PBXFileReference; fileEncoding = 4; lastKnownFileType = sourcecode.c.h; name = ProductDetailsViewController.h; path = ProductDetails/ViewControllers/ProductDetailsViewController.h; sourceTree = "<group>"; };
		070F3EE01CEE0D3300574D27 /* ProductDetailsViewController.m */ = {isa = PBXFileReference; fileEncoding = 4; lastKnownFileType = sourcecode.c.objc; name = ProductDetailsViewController.m; path = ProductDetails/ViewControllers/ProductDetailsViewController.m; sourceTree = "<group>"; };
		070F3EFE1CEE44D200574D27 /* ShoppingCartService.h */ = {isa = PBXFileReference; fileEncoding = 4; lastKnownFileType = sourcecode.c.h; name = ShoppingCartService.h; path = ShoppingCart/Services/ShoppingCartService.h; sourceTree = "<group>"; };
		070F3EFF1CEE44D200574D27 /* ShoppingCartService.m */ = {isa = PBXFileReference; fileEncoding = 4; lastKnownFileType = sourcecode.c.objc; name = ShoppingCartService.m; path = ShoppingCart/Services/ShoppingCartService.m; sourceTree = "<group>"; };
		070F3F031CEE450F00574D27 /* ShoppingCartAssembly.h */ = {isa = PBXFileReference; fileEncoding = 4; lastKnownFileType = sourcecode.c.h; name = ShoppingCartAssembly.h; path = ShoppingCart/Assemblies/ShoppingCartAssembly.h; sourceTree = "<group>"; };
		070F3F041CEE450F00574D27 /* ShoppingCartAssembly.m */ = {isa = PBXFileReference; fileEncoding = 4; lastKnownFileType = sourcecode.c.objc; name = ShoppingCartAssembly.m; path = ShoppingCart/Assemblies/ShoppingCartAssembly.m; sourceTree = "<group>"; };
		070F3F0F1CEE619F00574D27 /* SKUThumbnailViewModel.h */ = {isa = PBXFileReference; fileEncoding = 4; lastKnownFileType = sourcecode.c.h; name = SKUThumbnailViewModel.h; path = ProductDetails/ViewModels/SKUThumbnailViewModel.h; sourceTree = "<group>"; };
		070F3F101CEE619F00574D27 /* SKUThumbnailViewModel.m */ = {isa = PBXFileReference; fileEncoding = 4; lastKnownFileType = sourcecode.c.objc; name = SKUThumbnailViewModel.m; path = ProductDetails/ViewModels/SKUThumbnailViewModel.m; sourceTree = "<group>"; };
		070F3F221CEF56ED00574D27 /* ProductService.h */ = {isa = PBXFileReference; fileEncoding = 4; lastKnownFileType = sourcecode.c.h; name = ProductService.h; path = App/Services/ProductService.h; sourceTree = "<group>"; };
		070F3F231CEF56ED00574D27 /* ProductService.m */ = {isa = PBXFileReference; fileEncoding = 4; lastKnownFileType = sourcecode.c.objc; name = ProductService.m; path = App/Services/ProductService.m; sourceTree = "<group>"; };
		070F3F2C1CEF5CF500574D27 /* TODO */ = {isa = PBXFileReference; lastKnownFileType = text; name = TODO; path = ProductDetails/Views/TODO; sourceTree = "<group>"; };
		070F3F2F1CEF655500574D27 /* ProductCatalogViewController.h */ = {isa = PBXFileReference; fileEncoding = 4; lastKnownFileType = sourcecode.c.h; name = ProductCatalogViewController.h; path = ProductCatalog/ViewControllers/ProductCatalogViewController.h; sourceTree = "<group>"; };
		070F3F301CEF655500574D27 /* ProductCatalogViewController.m */ = {isa = PBXFileReference; fileEncoding = 4; lastKnownFileType = sourcecode.c.objc; name = ProductCatalogViewController.m; path = ProductCatalog/ViewControllers/ProductCatalogViewController.m; sourceTree = "<group>"; };
		070F3F361CEF665E00574D27 /* ProductCatalogViewController.xib */ = {isa = PBXFileReference; fileEncoding = 4; lastKnownFileType = file.xib; name = ProductCatalogViewController.xib; path = ProductCatalog/ViewControllers/ProductCatalogViewController.xib; sourceTree = "<group>"; };
		070F3F3B1CEF6C4E00574D27 /* BannerNotification.h */ = {isa = PBXFileReference; fileEncoding = 4; lastKnownFileType = sourcecode.c.h; name = BannerNotification.h; path = Shared/Models/BannerNotification.h; sourceTree = "<group>"; };
		070F3F3C1CEF6C4E00574D27 /* BannerNotification.m */ = {isa = PBXFileReference; fileEncoding = 4; lastKnownFileType = sourcecode.c.objc; name = BannerNotification.m; path = Shared/Models/BannerNotification.m; sourceTree = "<group>"; };
		070F3F3F1CEF6DC800574D27 /* CustomerReview.h */ = {isa = PBXFileReference; fileEncoding = 4; lastKnownFileType = sourcecode.c.h; name = CustomerReview.h; path = App/Models/CustomerReview.h; sourceTree = "<group>"; };
		070F3F401CEF6DC800574D27 /* CustomerReview.m */ = {isa = PBXFileReference; fileEncoding = 4; lastKnownFileType = sourcecode.c.objc; name = CustomerReview.m; path = App/Models/CustomerReview.m; sourceTree = "<group>"; };
		070F3F411CEF6DC800574D27 /* Product.h */ = {isa = PBXFileReference; fileEncoding = 4; lastKnownFileType = sourcecode.c.h; name = Product.h; path = App/Models/Product.h; sourceTree = "<group>"; };
		070F3F421CEF6DC800574D27 /* Product.m */ = {isa = PBXFileReference; fileEncoding = 4; lastKnownFileType = sourcecode.c.objc; name = Product.m; path = App/Models/Product.m; sourceTree = "<group>"; };
		070F3F431CEF6DC800574D27 /* ReservationConfirmation.h */ = {isa = PBXFileReference; fileEncoding = 4; lastKnownFileType = sourcecode.c.h; name = ReservationConfirmation.h; path = App/Models/ReservationConfirmation.h; sourceTree = "<group>"; };
		070F3F441CEF6DC800574D27 /* ReservationConfirmation.m */ = {isa = PBXFileReference; fileEncoding = 4; lastKnownFileType = sourcecode.c.objc; name = ReservationConfirmation.m; path = App/Models/ReservationConfirmation.m; sourceTree = "<group>"; };
		070F3F451CEF6DC800574D27 /* SKU.h */ = {isa = PBXFileReference; fileEncoding = 4; lastKnownFileType = sourcecode.c.h; name = SKU.h; path = App/Models/SKU.h; sourceTree = "<group>"; };
		070F3F461CEF6DC800574D27 /* SKU.m */ = {isa = PBXFileReference; fileEncoding = 4; lastKnownFileType = sourcecode.c.objc; name = SKU.m; path = App/Models/SKU.m; sourceTree = "<group>"; };
		070F3F501CEF6E3700574D27 /* ProductDetailsModel.h */ = {isa = PBXFileReference; fileEncoding = 4; lastKnownFileType = sourcecode.c.h; name = ProductDetailsModel.h; path = ProductDetails/Models/ProductDetailsModel.h; sourceTree = "<group>"; };
		070F3F511CEF6E3700574D27 /* ProductDetailsModel.m */ = {isa = PBXFileReference; fileEncoding = 4; lastKnownFileType = sourcecode.c.objc; name = ProductDetailsModel.m; path = ProductDetails/Models/ProductDetailsModel.m; sourceTree = "<group>"; };
		072A8D871CF35D7900D87541 /* ProductDetailsViewController.xib */ = {isa = PBXFileReference; fileEncoding = 4; lastKnownFileType = file.xib; name = ProductDetailsViewController.xib; path = ProductDetails/ViewControllers/ProductDetailsViewController.xib; sourceTree = "<group>"; };
		072A8D8B1CF3614D00D87541 /* ProductImagesDataSource.h */ = {isa = PBXFileReference; fileEncoding = 4; lastKnownFileType = sourcecode.c.h; name = ProductImagesDataSource.h; path = ProductDetails/DataSources/ProductImagesDataSource.h; sourceTree = "<group>"; };
		072A8D8C1CF3614D00D87541 /* ProductImagesDataSource.m */ = {isa = PBXFileReference; fileEncoding = 4; lastKnownFileType = sourcecode.c.objc; name = ProductImagesDataSource.m; path = ProductDetails/DataSources/ProductImagesDataSource.m; sourceTree = "<group>"; };
		0739CAB41CEC36F8006FDB07 /* ProductServiceSpec.mm */ = {isa = PBXFileReference; fileEncoding = 4; lastKnownFileType = sourcecode.cpp.objcpp; name = ProductServiceSpec.mm; path = ProductDetails/Specs/ProductServiceSpec.mm; sourceTree = "<group>"; };
		0739CABA1CEC372F006FDB07 /* Specs.xctest */ = {isa = PBXFileReference; explicitFileType = wrapper.cfbundle; includeInIndex = 0; path = Specs.xctest; sourceTree = BUILT_PRODUCTS_DIR; };
		0739CABC1CEC372F006FDB07 /* Specs.m */ = {isa = PBXFileReference; lastKnownFileType = sourcecode.c.objc; path = Specs.m; sourceTree = "<group>"; };
		0739CABE1CEC372F006FDB07 /* Info.plist */ = {isa = PBXFileReference; lastKnownFileType = text.plist.xml; path = Info.plist; sourceTree = "<group>"; };
		074E0FC91CEBE042005CC2F9 /* MetricsService.h */ = {isa = PBXFileReference; fileEncoding = 4; lastKnownFileType = sourcecode.c.h; name = MetricsService.h; path = App/Services/MetricsService.h; sourceTree = "<group>"; };
		074E0FCA1CEBE042005CC2F9 /* MetricsService.m */ = {isa = PBXFileReference; fileEncoding = 4; lastKnownFileType = sourcecode.c.objc; name = MetricsService.m; path = App/Services/MetricsService.m; sourceTree = "<group>"; };
		074E0FCC1CEBE0C4005CC2F9 /* MainAssembly.h */ = {isa = PBXFileReference; fileEncoding = 4; lastKnownFileType = sourcecode.c.h; name = MainAssembly.h; path = App/Assemblies/MainAssembly.h; sourceTree = "<group>"; };
		074E0FCD1CEBE0C4005CC2F9 /* MainAssembly.m */ = {isa = PBXFileReference; fileEncoding = 4; lastKnownFileType = sourcecode.c.objc; name = MainAssembly.m; path = App/Assemblies/MainAssembly.m; sourceTree = "<group>"; };
		074E0FD01CEBE240005CC2F9 /* HTTPRequest.h */ = {isa = PBXFileReference; fileEncoding = 4; lastKnownFileType = sourcecode.c.h; name = HTTPRequest.h; path = App/Utilities/HTTPRequest.h; sourceTree = "<group>"; };
		074E0FD11CEBE240005CC2F9 /* HTTPRequest.m */ = {isa = PBXFileReference; fileEncoding = 4; lastKnownFileType = sourcecode.c.objc; name = HTTPRequest.m; path = App/Utilities/HTTPRequest.m; sourceTree = "<group>"; };
		07812E421CEF6F7B003F754D /* Base */ = {isa = PBXFileReference; lastKnownFileType = file.storyboard; name = Base; path = Base.lproj/Main.storyboard; sourceTree = "<group>"; };
		07812E451CEF959A003F754D /* OnDemandImageView.h */ = {isa = PBXFileReference; fileEncoding = 4; lastKnownFileType = sourcecode.c.h; name = OnDemandImageView.h; path = Shared/Views/OnDemandImageView.h; sourceTree = "<group>"; };
		07812E461CEF959B003F754D /* OnDemandImageView.m */ = {isa = PBXFileReference; fileEncoding = 4; lastKnownFileType = sourcecode.c.objc; name = OnDemandImageView.m; path = Shared/Views/OnDemandImageView.m; sourceTree = "<group>"; };
		07812E481CEF9A42003F754D /* App.h */ = {isa = PBXFileReference; fileEncoding = 4; lastKnownFileType = sourcecode.c.h; name = App.h; path = App/App.h; sourceTree = "<group>"; };
		07812E491CEF9A42003F754D /* App.m */ = {isa = PBXFileReference; fileEncoding = 4; lastKnownFileType = sourcecode.c.objc; name = App.m; path = App/App.m; sourceTree = "<group>"; };
		07A876811D466B9800E179D5 /* DIServiceLocator+Private.h */ = {isa = PBXFileReference; lastKnownFileType = sourcecode.c.h; name = "DIServiceLocator+Private.h"; path = "heroin/DIServiceLocator+Private.h"; sourceTree = "<group>"; };
		07D72EB91CEBDD100015080E /* objc-di.app */ = {isa = PBXFileReference; explicitFileType = wrapper.application; includeInIndex = 0; path = "objc-di.app"; sourceTree = BUILT_PRODUCTS_DIR; };
		07D72EBD1CEBDD100015080E /* main.m */ = {isa = PBXFileReference; lastKnownFileType = sourcecode.c.objc; path = main.m; sourceTree = "<group>"; };
		07D72EBF1CEBDD100015080E /* AppDelegate.h */ = {isa = PBXFileReference; lastKnownFileType = sourcecode.c.h; path = AppDelegate.h; sourceTree = "<group>"; };
		07D72EC01CEBDD100015080E /* AppDelegate.m */ = {isa = PBXFileReference; lastKnownFileType = sourcecode.c.objc; path = AppDelegate.m; sourceTree = "<group>"; };
		07D72EC81CEBDD110015080E /* Assets.xcassets */ = {isa = PBXFileReference; lastKnownFileType = folder.assetcatalog; path = Assets.xcassets; sourceTree = "<group>"; };
		07D72ECB1CEBDD110015080E /* Base */ = {isa = PBXFileReference; lastKnownFileType = file.storyboard; name = Base; path = Base.lproj/LaunchScreen.storyboard; sourceTree = "<group>"; };
		07D72ECD1CEBDD110015080E /* Info.plist */ = {isa = PBXFileReference; lastKnownFileType = text.plist.xml; path = Info.plist; sourceTree = "<group>"; };
		07DC3F701D009228008686FA /* di.h */ = {isa = PBXFileReference; fileEncoding = 4; lastKnownFileType = sourcecode.c.h; name = di.h; path = heroin/di.h; sourceTree = "<group>"; };
		07DC3F711D009228008686FA /* DIAssembly.h */ = {isa = PBXFileReference; fileEncoding = 4; lastKnownFileType = sourcecode.c.h; name = DIAssembly.h; path = heroin/DIAssembly.h; sourceTree = "<group>"; };
		07DC3F721D00926B008686FA /* di-cedar.h */ = {isa = PBXFileReference; lastKnownFileType = sourcecode.c.h; name = "di-cedar.h"; path = "heroin/di-cedar.h"; sourceTree = "<group>"; };
		07DC3F731D00967A008686FA /* DIServiceLocator.h */ = {isa = PBXFileReference; fileEncoding = 4; lastKnownFileType = sourcecode.c.h; name = DIServiceLocator.h; path = heroin/DIServiceLocator.h; sourceTree = "<group>"; };
		07DC3F741D00967A008686FA /* DIServiceLocator.m */ = {isa = PBXFileReference; fileEncoding = 4; lastKnownFileType = sourcecode.c.objc; name = DIServiceLocator.m; path = heroin/DIServiceLocator.m; sourceTree = "<group>"; };
		07E672F71CECB353006233A6 /* User.h */ = {isa = PBXFileReference; fileEncoding = 4; lastKnownFileType = sourcecode.c.h; name = User.h; path = App/Models/User.h; sourceTree = "<group>"; };
		07E672F81CECB353006233A6 /* User.m */ = {isa = PBXFileReference; fileEncoding = 4; lastKnownFileType = sourcecode.c.objc; name = User.m; path = App/Models/User.m; sourceTree = "<group>"; };
		07FCC9A737B3122BC3D36203 /* Pods-objc-di.debug.xcconfig */ = {isa = PBXFileReference; includeInIndex = 1; lastKnownFileType = text.xcconfig; name = "Pods-objc-di.debug.xcconfig"; path = "Pods/Target Support Files/Pods-objc-di/Pods-objc-di.debug.xcconfig"; sourceTree = "<group>"; };
		2E98F788F596F9E0CD3C89EE /* libPods-objc-di-Specs.a */ = {isa = PBXFileReference; explicitFileType = archive.ar; includeInIndex = 0; path = "libPods-objc-di-Specs.a"; sourceTree = BUILT_PRODUCTS_DIR; };
		398E28708AFB6DDB27FB940E /* libPods-Specs.a */ = {isa = PBXFileReference; explicitFileType = archive.ar; includeInIndex = 0; path = "libPods-Specs.a"; sourceTree = BUILT_PRODUCTS_DIR; };
		5A4E97BD01A261D2132A80FE /* libPods-objc-di.a */ = {isa = PBXFileReference; explicitFileType = archive.ar; includeInIndex = 0; path = "libPods-objc-di.a"; sourceTree = BUILT_PRODUCTS_DIR; };
		68766B27FE4C4B24CB9C6D38 /* Pods-objc-di.release.xcconfig */ = {isa = PBXFileReference; includeInIndex = 1; lastKnownFileType = text.xcconfig; name = "Pods-objc-di.release.xcconfig"; path = "Pods/Target Support Files/Pods-objc-di/Pods-objc-di.release.xcconfig"; sourceTree = "<group>"; };
		8268B5B95A8AF0C9A1BA74E7 /* Pods-Specs.release.xcconfig */ = {isa = PBXFileReference; includeInIndex = 1; lastKnownFileType = text.xcconfig; name = "Pods-Specs.release.xcconfig"; path = "Pods/Target Support Files/Pods-Specs/Pods-Specs.release.xcconfig"; sourceTree = "<group>"; };
		A4D6B57F81C20651B8869FBA /* Pods-Specs.debug.xcconfig */ = {isa = PBXFileReference; includeInIndex = 1; lastKnownFileType = text.xcconfig; name = "Pods-Specs.debug.xcconfig"; path = "Pods/Target Support Files/Pods-Specs/Pods-Specs.debug.xcconfig"; sourceTree = "<group>"; };
/* End PBXFileReference section */

/* Begin PBXFrameworksBuildPhase section */
		0739CAB71CEC372F006FDB07 /* Frameworks */ = {
			isa = PBXFrameworksBuildPhase;
			buildActionMask = 2147483647;
			files = (
				4195E6BAB9E99778541A671A /* libPods-Specs.a in Frameworks */,
			);
			runOnlyForDeploymentPostprocessing = 0;
		};
		07D72EB61CEBDD100015080E /* Frameworks */ = {
			isa = PBXFrameworksBuildPhase;
			buildActionMask = 2147483647;
			files = (
				029810568B6D7C5831EA5D6F /* libPods-objc-di.a in Frameworks */,
			);
			runOnlyForDeploymentPostprocessing = 0;
		};
/* End PBXFrameworksBuildPhase section */

/* Begin PBXGroup section */
		070F3ED41CEE095700574D27 /* ViewModels */ = {
			isa = PBXGroup;
			children = (
				070F3ED51CEE098300574D27 /* ProductDetailsViewModel.h */,
				070F3ED61CEE098300574D27 /* ProductDetailsViewModel.m */,
				070F3F0F1CEE619F00574D27 /* SKUThumbnailViewModel.h */,
				070F3F101CEE619F00574D27 /* SKUThumbnailViewModel.m */,
			);
			name = ViewModels;
			sourceTree = "<group>";
		};
		070F3EDE1CEE0C2100574D27 /* ViewControllers */ = {
			isa = PBXGroup;
			children = (
				070F3EDF1CEE0D3300574D27 /* ProductDetailsViewController.h */,
				070F3EE01CEE0D3300574D27 /* ProductDetailsViewController.m */,
				072A8D871CF35D7900D87541 /* ProductDetailsViewController.xib */,
			);
			name = ViewControllers;
			sourceTree = "<group>";
		};
		070F3EFC1CEE448E00574D27 /* ShoppingCart */ = {
			isa = PBXGroup;
			children = (
				070F3F021CEE44EB00574D27 /* Assemblies */,
				070F3EFD1CEE449F00574D27 /* Services */,
			);
			name = ShoppingCart;
			sourceTree = "<group>";
		};
		070F3EFD1CEE449F00574D27 /* Services */ = {
			isa = PBXGroup;
			children = (
				070F3EFE1CEE44D200574D27 /* ShoppingCartService.h */,
				070F3EFF1CEE44D200574D27 /* ShoppingCartService.m */,
			);
			name = Services;
			sourceTree = "<group>";
		};
		070F3F021CEE44EB00574D27 /* Assemblies */ = {
			isa = PBXGroup;
			children = (
				070F3F031CEE450F00574D27 /* ShoppingCartAssembly.h */,
				070F3F041CEE450F00574D27 /* ShoppingCartAssembly.m */,
			);
			name = Assemblies;
			sourceTree = "<group>";
		};
		070F3F2B1CEF5CD200574D27 /* Views */ = {
			isa = PBXGroup;
			children = (
				070F3F2C1CEF5CF500574D27 /* TODO */,
			);
			name = Views;
			sourceTree = "<group>";
		};
		070F3F2D1CEF652300574D27 /* ProductCatalog */ = {
			isa = PBXGroup;
			children = (
				070F3F2E1CEF653500574D27 /* ViewControllers */,
			);
			name = ProductCatalog;
			sourceTree = "<group>";
		};
		070F3F2E1CEF653500574D27 /* ViewControllers */ = {
			isa = PBXGroup;
			children = (
				070F3F2F1CEF655500574D27 /* ProductCatalogViewController.h */,
				070F3F301CEF655500574D27 /* ProductCatalogViewController.m */,
				070F3F361CEF665E00574D27 /* ProductCatalogViewController.xib */,
			);
			name = ViewControllers;
			sourceTree = "<group>";
		};
		070F3F391CEF6BF800574D27 /* Shared */ = {
			isa = PBXGroup;
			children = (
				07812E441CEF955E003F754D /* Views */,
				070F3F3A1CEF6C0700574D27 /* Models */,
			);
			name = Shared;
			sourceTree = "<group>";
		};
		070F3F3A1CEF6C0700574D27 /* Models */ = {
			isa = PBXGroup;
			children = (
				070F3F3B1CEF6C4E00574D27 /* BannerNotification.h */,
				070F3F3C1CEF6C4E00574D27 /* BannerNotification.m */,
			);
			name = Models;
			sourceTree = "<group>";
		};
		070F3F4F1CEF6E2900574D27 /* Models */ = {
			isa = PBXGroup;
			children = (
				070F3F501CEF6E3700574D27 /* ProductDetailsModel.h */,
				070F3F511CEF6E3700574D27 /* ProductDetailsModel.m */,
			);
			name = Models;
			sourceTree = "<group>";
		};
		072A8D8A1CF3612F00D87541 /* DataSources */ = {
			isa = PBXGroup;
			children = (
				072A8D8B1CF3614D00D87541 /* ProductImagesDataSource.h */,
				072A8D8C1CF3614D00D87541 /* ProductImagesDataSource.m */,
			);
			name = DataSources;
			sourceTree = "<group>";
		};
		0739CAB31CEC36CE006FDB07 /* Specs */ = {
			isa = PBXGroup;
			children = (
				0739CAB41CEC36F8006FDB07 /* ProductServiceSpec.mm */,
				070F3EDC1CEE0AA200574D27 /* ProductDetailsViewModelSpec.mm */,
			);
			name = Specs;
			sourceTree = "<group>";
		};
		0739CABB1CEC372F006FDB07 /* Specs */ = {
			isa = PBXGroup;
			children = (
				0739CABC1CEC372F006FDB07 /* Specs.m */,
				0739CABE1CEC372F006FDB07 /* Info.plist */,
			);
			path = Specs;
			sourceTree = "<group>";
		};
		074E0FB61CEBDDB9005CC2F9 /* App */ = {
			isa = PBXGroup;
			children = (
				07812E481CEF9A42003F754D /* App.h */,
				07812E491CEF9A42003F754D /* App.m */,
				074E0FBC1CEBDE37005CC2F9 /* Assemblies */,
				07E672F61CECB339006233A6 /* Models */,
				074E0FBD1CEBDE87005CC2F9 /* Services */,
				074E0FCF1CEBE226005CC2F9 /* Utilities */,
			);
			name = App;
			sourceTree = "<group>";
		};
		074E0FB71CEBDDCF005CC2F9 /* ProductDetails */ = {
			isa = PBXGroup;
			children = (
				072A8D8A1CF3612F00D87541 /* DataSources */,
				070F3F4F1CEF6E2900574D27 /* Models */,
				0739CAB31CEC36CE006FDB07 /* Specs */,
				070F3EDE1CEE0C2100574D27 /* ViewControllers */,
				070F3ED41CEE095700574D27 /* ViewModels */,
				070F3F2B1CEF5CD200574D27 /* Views */,
			);
			name = ProductDetails;
			sourceTree = "<group>";
		};
		074E0FB91CEBDDEF005CC2F9 /* ViewControllers */ = {
			isa = PBXGroup;
			children = (
			);
			name = ViewControllers;
			sourceTree = "<group>";
		};
		074E0FBA1CEBDE03005CC2F9 /* Storyboards */ = {
			isa = PBXGroup;
			children = (
				07D72ECA1CEBDD110015080E /* LaunchScreen.storyboard */,
				07812E411CEF6F7B003F754D /* Main.storyboard */,
			);
			name = Storyboards;
			sourceTree = "<group>";
		};
		074E0FBB1CEBDE17005CC2F9 /* Resources */ = {
			isa = PBXGroup;
			children = (
				07D72EC81CEBDD110015080E /* Assets.xcassets */,
			);
			name = Resources;
			sourceTree = "<group>";
		};
		074E0FBC1CEBDE37005CC2F9 /* Assemblies */ = {
			isa = PBXGroup;
			children = (
				074E0FCC1CEBE0C4005CC2F9 /* MainAssembly.h */,
				074E0FCD1CEBE0C4005CC2F9 /* MainAssembly.m */,
			);
			name = Assemblies;
			sourceTree = "<group>";
		};
		074E0FBD1CEBDE87005CC2F9 /* Services */ = {
			isa = PBXGroup;
			children = (
				074E0FC91CEBE042005CC2F9 /* MetricsService.h */,
				074E0FCA1CEBE042005CC2F9 /* MetricsService.m */,
				070F3F221CEF56ED00574D27 /* ProductService.h */,
				070F3F231CEF56ED00574D27 /* ProductService.m */,
			);
			name = Services;
			sourceTree = "<group>";
		};
		074E0FBE1CEBDE94005CC2F9 /* main */ = {
			isa = PBXGroup;
			children = (
				07D72EBF1CEBDD100015080E /* AppDelegate.h */,
				07D72EC01CEBDD100015080E /* AppDelegate.m */,
				07D72ECD1CEBDD110015080E /* Info.plist */,
				074E0FBB1CEBDE17005CC2F9 /* Resources */,
				074E0FBA1CEBDE03005CC2F9 /* Storyboards */,
				074E0FB91CEBDDEF005CC2F9 /* ViewControllers */,
			);
			name = main;
			sourceTree = "<group>";
		};
		074E0FCF1CEBE226005CC2F9 /* Utilities */ = {
			isa = PBXGroup;
			children = (
				074E0FD01CEBE240005CC2F9 /* HTTPRequest.h */,
				074E0FD11CEBE240005CC2F9 /* HTTPRequest.m */,
			);
			name = Utilities;
			sourceTree = "<group>";
		};
		07812E441CEF955E003F754D /* Views */ = {
			isa = PBXGroup;
			children = (
				07812E451CEF959A003F754D /* OnDemandImageView.h */,
				07812E461CEF959B003F754D /* OnDemandImageView.m */,
			);
			name = Views;
			sourceTree = "<group>";
		};
		07D72EB01CEBDD100015080E = {
			isa = PBXGroup;
			children = (
				07D72EBB1CEBDD100015080E /* objc-di */,
				0739CABB1CEC372F006FDB07 /* Specs */,
				07D72EBA1CEBDD100015080E /* Products */,
				F46830DF0D9A633469F233A9 /* Pods */,
				F4547B8425304249901095C2 /* Frameworks */,
			);
			sourceTree = "<group>";
		};
		07D72EBA1CEBDD100015080E /* Products */ = {
			isa = PBXGroup;
			children = (
				07D72EB91CEBDD100015080E /* objc-di.app */,
				0739CABA1CEC372F006FDB07 /* Specs.xctest */,
			);
			name = Products;
			sourceTree = "<group>";
		};
		07D72EBB1CEBDD100015080E /* objc-di */ = {
			isa = PBXGroup;
			children = (
				07DC3F6F1D0091FC008686FA /* heroin */,
				074E0FB61CEBDDB9005CC2F9 /* App */,
				070F3F2D1CEF652300574D27 /* ProductCatalog */,
				074E0FB71CEBDDCF005CC2F9 /* ProductDetails */,
				070F3F391CEF6BF800574D27 /* Shared */,
				070F3EFC1CEE448E00574D27 /* ShoppingCart */,
				074E0FBE1CEBDE94005CC2F9 /* main */,
				07D72EBC1CEBDD100015080E /* Supporting Files */,
			);
			path = "objc-di";
			sourceTree = "<group>";
		};
		07D72EBC1CEBDD100015080E /* Supporting Files */ = {
			isa = PBXGroup;
			children = (
				07D72EBD1CEBDD100015080E /* main.m */,
			);
			name = "Supporting Files";
			sourceTree = "<group>";
		};
		07DC3F6F1D0091FC008686FA /* heroin */ = {
			isa = PBXGroup;
			children = (
				07DC3F701D009228008686FA /* di.h */,
				07DC3F721D00926B008686FA /* di-cedar.h */,
				07DC3F711D009228008686FA /* DIAssembly.h */,
				07DC3F731D00967A008686FA /* DIServiceLocator.h */,
				07DC3F741D00967A008686FA /* DIServiceLocator.m */,
				07A876811D466B9800E179D5 /* DIServiceLocator+Private.h */,
			);
			name = heroin;
			sourceTree = "<group>";
		};
		07E672F61CECB339006233A6 /* Models */ = {
			isa = PBXGroup;
			children = (
				070F3F3F1CEF6DC800574D27 /* CustomerReview.h */,
				070F3F401CEF6DC800574D27 /* CustomerReview.m */,
				070F3F411CEF6DC800574D27 /* Product.h */,
				070F3F421CEF6DC800574D27 /* Product.m */,
				070F3F431CEF6DC800574D27 /* ReservationConfirmation.h */,
				070F3F441CEF6DC800574D27 /* ReservationConfirmation.m */,
				070F3F451CEF6DC800574D27 /* SKU.h */,
				070F3F461CEF6DC800574D27 /* SKU.m */,
				07E672F71CECB353006233A6 /* User.h */,
				07E672F81CECB353006233A6 /* User.m */,
			);
			name = Models;
			sourceTree = "<group>";
		};
		F4547B8425304249901095C2 /* Frameworks */ = {
			isa = PBXGroup;
			children = (
				5A4E97BD01A261D2132A80FE /* libPods-objc-di.a */,
				2E98F788F596F9E0CD3C89EE /* libPods-objc-di-Specs.a */,
				398E28708AFB6DDB27FB940E /* libPods-Specs.a */,
			);
			name = Frameworks;
			sourceTree = "<group>";
		};
		F46830DF0D9A633469F233A9 /* Pods */ = {
			isa = PBXGroup;
			children = (
				07FCC9A737B3122BC3D36203 /* Pods-objc-di.debug.xcconfig */,
				68766B27FE4C4B24CB9C6D38 /* Pods-objc-di.release.xcconfig */,
				A4D6B57F81C20651B8869FBA /* Pods-Specs.debug.xcconfig */,
				8268B5B95A8AF0C9A1BA74E7 /* Pods-Specs.release.xcconfig */,
			);
			name = Pods;
			sourceTree = "<group>";
		};
/* End PBXGroup section */

/* Begin PBXNativeTarget section */
		0739CAB91CEC372F006FDB07 /* Specs */ = {
			isa = PBXNativeTarget;
			buildConfigurationList = 0739CAC11CEC372F006FDB07 /* Build configuration list for PBXNativeTarget "Specs" */;
			buildPhases = (
				BD165A0044F89D18F3A02260 /* Check Pods Manifest.lock */,
				0739CAB61CEC372F006FDB07 /* Sources */,
				0739CAB71CEC372F006FDB07 /* Frameworks */,
				0739CAB81CEC372F006FDB07 /* Resources */,
				5537DA61E908746F88227496 /* Embed Pods Frameworks */,
				49383F649B107E732080A775 /* Copy Pods Resources */,
			);
			buildRules = (
			);
			dependencies = (
				0739CAC01CEC372F006FDB07 /* PBXTargetDependency */,
			);
			name = Specs;
			productName = Specs;
			productReference = 0739CABA1CEC372F006FDB07 /* Specs.xctest */;
			productType = "com.apple.product-type.bundle.unit-test";
		};
		07D72EB81CEBDD100015080E /* objc-di */ = {
			isa = PBXNativeTarget;
			buildConfigurationList = 07D72ED01CEBDD110015080E /* Build configuration list for PBXNativeTarget "objc-di" */;
			buildPhases = (
				0F744991E85E06961C2F3349 /* Check Pods Manifest.lock */,
				07D72EB51CEBDD100015080E /* Sources */,
				07D72EB61CEBDD100015080E /* Frameworks */,
				07D72EB71CEBDD100015080E /* Resources */,
				C6A3274F2D6933ACC26D9646 /* Embed Pods Frameworks */,
				DDBC1ED389C3ECB5C8CAB061 /* Copy Pods Resources */,
			);
			buildRules = (
			);
			dependencies = (
			);
			name = "objc-di";
			productName = "objc-di";
			productReference = 07D72EB91CEBDD100015080E /* objc-di.app */;
			productType = "com.apple.product-type.application";
		};
/* End PBXNativeTarget section */

/* Begin PBXProject section */
		07D72EB11CEBDD100015080E /* Project object */ = {
			isa = PBXProject;
			attributes = {
				LastUpgradeCheck = 0730;
				ORGANIZATIONNAME = "Upstart Illustration LLC";
				TargetAttributes = {
					0739CAB91CEC372F006FDB07 = {
						CreatedOnToolsVersion = 7.3.1;
						TestTargetID = 07D72EB81CEBDD100015080E;
					};
					07D72EB81CEBDD100015080E = {
						CreatedOnToolsVersion = 7.3.1;
					};
				};
			};
			buildConfigurationList = 07D72EB41CEBDD100015080E /* Build configuration list for PBXProject "objc-di" */;
			compatibilityVersion = "Xcode 3.2";
			developmentRegion = English;
			hasScannedForEncodings = 0;
			knownRegions = (
				en,
				Base,
			);
			mainGroup = 07D72EB01CEBDD100015080E;
			productRefGroup = 07D72EBA1CEBDD100015080E /* Products */;
			projectDirPath = "";
			projectRoot = "";
			targets = (
				07D72EB81CEBDD100015080E /* objc-di */,
				0739CAB91CEC372F006FDB07 /* Specs */,
			);
		};
/* End PBXProject section */

/* Begin PBXResourcesBuildPhase section */
		0739CAB81CEC372F006FDB07 /* Resources */ = {
			isa = PBXResourcesBuildPhase;
			buildActionMask = 2147483647;
			files = (
				072A8D891CF35D7900D87541 /* ProductDetailsViewController.xib in Resources */,
				070F3F381CEF665E00574D27 /* ProductCatalogViewController.xib in Resources */,
			);
			runOnlyForDeploymentPostprocessing = 0;
		};
		07D72EB71CEBDD100015080E /* Resources */ = {
			isa = PBXResourcesBuildPhase;
			buildActionMask = 2147483647;
			files = (
				07D72ECC1CEBDD110015080E /* LaunchScreen.storyboard in Resources */,
				070F3F371CEF665E00574D27 /* ProductCatalogViewController.xib in Resources */,
				072A8D881CF35D7900D87541 /* ProductDetailsViewController.xib in Resources */,
				07D72EC91CEBDD110015080E /* Assets.xcassets in Resources */,
				07812E431CEF6F7B003F754D /* Main.storyboard in Resources */,
			);
			runOnlyForDeploymentPostprocessing = 0;
		};
/* End PBXResourcesBuildPhase section */

/* Begin PBXShellScriptBuildPhase section */
		0F744991E85E06961C2F3349 /* Check Pods Manifest.lock */ = {
			isa = PBXShellScriptBuildPhase;
			buildActionMask = 2147483647;
			files = (
			);
			inputPaths = (
			);
			name = "Check Pods Manifest.lock";
			outputPaths = (
			);
			runOnlyForDeploymentPostprocessing = 0;
			shellPath = /bin/sh;
			shellScript = "diff \"${PODS_ROOT}/../Podfile.lock\" \"${PODS_ROOT}/Manifest.lock\" > /dev/null\nif [[ $? != 0 ]] ; then\n    cat << EOM\nerror: The sandbox is not in sync with the Podfile.lock. Run 'pod install' or update your CocoaPods installation.\nEOM\n    exit 1\nfi\n";
			showEnvVarsInLog = 0;
		};
		49383F649B107E732080A775 /* Copy Pods Resources */ = {
			isa = PBXShellScriptBuildPhase;
			buildActionMask = 2147483647;
			files = (
			);
			inputPaths = (
			);
			name = "Copy Pods Resources";
			outputPaths = (
			);
			runOnlyForDeploymentPostprocessing = 0;
			shellPath = /bin/sh;
			shellScript = "\"${SRCROOT}/Pods/Target Support Files/Pods-Specs/Pods-Specs-resources.sh\"\n";
			showEnvVarsInLog = 0;
		};
		5537DA61E908746F88227496 /* Embed Pods Frameworks */ = {
			isa = PBXShellScriptBuildPhase;
			buildActionMask = 2147483647;
			files = (
			);
			inputPaths = (
			);
			name = "Embed Pods Frameworks";
			outputPaths = (
			);
			runOnlyForDeploymentPostprocessing = 0;
			shellPath = /bin/sh;
			shellScript = "\"${SRCROOT}/Pods/Target Support Files/Pods-Specs/Pods-Specs-frameworks.sh\"\n";
			showEnvVarsInLog = 0;
		};
		BD165A0044F89D18F3A02260 /* Check Pods Manifest.lock */ = {
			isa = PBXShellScriptBuildPhase;
			buildActionMask = 2147483647;
			files = (
			);
			inputPaths = (
			);
			name = "Check Pods Manifest.lock";
			outputPaths = (
			);
			runOnlyForDeploymentPostprocessing = 0;
			shellPath = /bin/sh;
			shellScript = "diff \"${PODS_ROOT}/../Podfile.lock\" \"${PODS_ROOT}/Manifest.lock\" > /dev/null\nif [[ $? != 0 ]] ; then\n    cat << EOM\nerror: The sandbox is not in sync with the Podfile.lock. Run 'pod install' or update your CocoaPods installation.\nEOM\n    exit 1\nfi\n";
			showEnvVarsInLog = 0;
		};
		C6A3274F2D6933ACC26D9646 /* Embed Pods Frameworks */ = {
			isa = PBXShellScriptBuildPhase;
			buildActionMask = 2147483647;
			files = (
			);
			inputPaths = (
			);
			name = "Embed Pods Frameworks";
			outputPaths = (
			);
			runOnlyForDeploymentPostprocessing = 0;
			shellPath = /bin/sh;
			shellScript = "\"${SRCROOT}/Pods/Target Support Files/Pods-objc-di/Pods-objc-di-frameworks.sh\"\n";
			showEnvVarsInLog = 0;
		};
		DDBC1ED389C3ECB5C8CAB061 /* Copy Pods Resources */ = {
			isa = PBXShellScriptBuildPhase;
			buildActionMask = 2147483647;
			files = (
			);
			inputPaths = (
			);
			name = "Copy Pods Resources";
			outputPaths = (
			);
			runOnlyForDeploymentPostprocessing = 0;
			shellPath = /bin/sh;
			shellScript = "\"${SRCROOT}/Pods/Target Support Files/Pods-objc-di/Pods-objc-di-resources.sh\"\n";
			showEnvVarsInLog = 0;
		};
/* End PBXShellScriptBuildPhase section */

/* Begin PBXSourcesBuildPhase section */
		0739CAB61CEC372F006FDB07 /* Sources */ = {
			isa = PBXSourcesBuildPhase;
			buildActionMask = 2147483647;
			files = (
				07D3B40F1CEC385700AFF33D /* MainAssembly.m in Sources */,
				070F3F4A1CEF6DC800574D27 /* Product.m in Sources */,
				070F3F251CEF56ED00574D27 /* ProductService.m in Sources */,
				070F3F3E1CEF6C4E00574D27 /* BannerNotification.m in Sources */,
				072A8D8E1CF3614D00D87541 /* ProductImagesDataSource.m in Sources */,
				070F3EDD1CEE0AA200574D27 /* ProductDetailsViewModelSpec.mm in Sources */,
				070F3EE21CEE0D3300574D27 /* ProductDetailsViewController.m in Sources */,
				07E672FA1CECB353006233A6 /* User.m in Sources */,
				070F3F121CEE619F00574D27 /* SKUThumbnailViewModel.m in Sources */,
				070F3F011CEE44D200574D27 /* ShoppingCartService.m in Sources */,
				070F3F4E1CEF6DC800574D27 /* SKU.m in Sources */,
				070F3F4C1CEF6DC800574D27 /* ReservationConfirmation.m in Sources */,
				07D3B4101CEC385C00AFF33D /* MetricsService.m in Sources */,
				07DC3F761D00967A008686FA /* DIServiceLocator.m in Sources */,
				070F3F481CEF6DC800574D27 /* CustomerReview.m in Sources */,
				070F3F061CEE450F00574D27 /* ShoppingCartAssembly.m in Sources */,
				070F3F321CEF655500574D27 /* ProductCatalogViewController.m in Sources */,
				070908F61CEC3777008B56AC /* ProductServiceSpec.mm in Sources */,
				07D3B4111CEC386000AFF33D /* HTTPRequest.m in Sources */,
				0739CABD1CEC372F006FDB07 /* Specs.m in Sources */,
				070F3F531CEF6E3700574D27 /* ProductDetailsModel.m in Sources */,
				070F3ED81CEE098300574D27 /* ProductDetailsViewModel.m in Sources */,
			);
			runOnlyForDeploymentPostprocessing = 0;
		};
		07D72EB51CEBDD100015080E /* Sources */ = {
			isa = PBXSourcesBuildPhase;
			buildActionMask = 2147483647;
			files = (
				07812E471CEF959B003F754D /* OnDemandImageView.m in Sources */,
				07E672F91CECB353006233A6 /* User.m in Sources */,
				070F3F491CEF6DC800574D27 /* Product.m in Sources */,
				070F3F521CEF6E3700574D27 /* ProductDetailsModel.m in Sources */,
				070F3F4B1CEF6DC800574D27 /* ReservationConfirmation.m in Sources */,
				074E0FD21CEBE240005CC2F9 /* HTTPRequest.m in Sources */,
				070F3F001CEE44D200574D27 /* ShoppingCartService.m in Sources */,
				070F3EE11CEE0D3300574D27 /* ProductDetailsViewController.m in Sources */,
				070F3F241CEF56ED00574D27 /* ProductService.m in Sources */,
				07812E4A1CEF9A42003F754D /* App.m in Sources */,
				07DC3F751D00967A008686FA /* DIServiceLocator.m in Sources */,
				072A8D8D1CF3614D00D87541 /* ProductImagesDataSource.m in Sources */,
				070F3F111CEE619F00574D27 /* SKUThumbnailViewModel.m in Sources */,
				070F3F4D1CEF6DC800574D27 /* SKU.m in Sources */,
				070F3F3D1CEF6C4E00574D27 /* BannerNotification.m in Sources */,
				070F3ED71CEE098300574D27 /* ProductDetailsViewModel.m in Sources */,
				074E0FCB1CEBE042005CC2F9 /* MetricsService.m in Sources */,
				074E0FCE1CEBE0C4005CC2F9 /* MainAssembly.m in Sources */,
				070F3F311CEF655500574D27 /* ProductCatalogViewController.m in Sources */,
				07D72EC11CEBDD100015080E /* AppDelegate.m in Sources */,
				070F3F051CEE450F00574D27 /* ShoppingCartAssembly.m in Sources */,
				07D72EBE1CEBDD100015080E /* main.m in Sources */,
				070F3F471CEF6DC800574D27 /* CustomerReview.m in Sources */,
			);
			runOnlyForDeploymentPostprocessing = 0;
		};
/* End PBXSourcesBuildPhase section */

/* Begin PBXTargetDependency section */
		0739CAC01CEC372F006FDB07 /* PBXTargetDependency */ = {
			isa = PBXTargetDependency;
			target = 07D72EB81CEBDD100015080E /* objc-di */;
			targetProxy = 0739CABF1CEC372F006FDB07 /* PBXContainerItemProxy */;
		};
/* End PBXTargetDependency section */

/* Begin PBXVariantGroup section */
		07812E411CEF6F7B003F754D /* Main.storyboard */ = {
			isa = PBXVariantGroup;
			children = (
				07812E421CEF6F7B003F754D /* Base */,
			);
			name = Main.storyboard;
			sourceTree = "<group>";
		};
		07D72ECA1CEBDD110015080E /* LaunchScreen.storyboard */ = {
			isa = PBXVariantGroup;
			children = (
				07D72ECB1CEBDD110015080E /* Base */,
			);
			name = LaunchScreen.storyboard;
			sourceTree = "<group>";
		};
/* End PBXVariantGroup section */

/* Begin XCBuildConfiguration section */
		0739CAC21CEC372F006FDB07 /* Debug */ = {
			isa = XCBuildConfiguration;
			baseConfigurationReference = A4D6B57F81C20651B8869FBA /* Pods-Specs.debug.xcconfig */;
			buildSettings = {
				BUNDLE_LOADER = "$(TEST_HOST)";
				INFOPLIST_FILE = Specs/Info.plist;
				LD_RUNPATH_SEARCH_PATHS = "$(inherited) @executable_path/Frameworks @loader_path/Frameworks";
				PRODUCT_BUNDLE_IDENTIFIER = com.upstartillustration.Specs;
				PRODUCT_NAME = "$(TARGET_NAME)";
				TEST_HOST = "$(BUILT_PRODUCTS_DIR)/objc-di.app/objc-di";
			};
			name = Debug;
		};
		0739CAC31CEC372F006FDB07 /* Release */ = {
			isa = XCBuildConfiguration;
			baseConfigurationReference = 8268B5B95A8AF0C9A1BA74E7 /* Pods-Specs.release.xcconfig */;
			buildSettings = {
				BUNDLE_LOADER = "$(TEST_HOST)";
				INFOPLIST_FILE = Specs/Info.plist;
				LD_RUNPATH_SEARCH_PATHS = "$(inherited) @executable_path/Frameworks @loader_path/Frameworks";
				PRODUCT_BUNDLE_IDENTIFIER = com.upstartillustration.Specs;
				PRODUCT_NAME = "$(TARGET_NAME)";
				TEST_HOST = "$(BUILT_PRODUCTS_DIR)/objc-di.app/objc-di";
			};
			name = Release;
		};
		07D72ECE1CEBDD110015080E /* Debug */ = {
			isa = XCBuildConfiguration;
			buildSettings = {
				ALWAYS_SEARCH_USER_PATHS = NO;
				CLANG_ANALYZER_NONNULL = YES;
				CLANG_CXX_LANGUAGE_STANDARD = "gnu++0x";
				CLANG_CXX_LIBRARY = "libc++";
				CLANG_ENABLE_MODULES = YES;
				CLANG_ENABLE_OBJC_ARC = YES;
				CLANG_WARN_BOOL_CONVERSION = YES;
				CLANG_WARN_CONSTANT_CONVERSION = YES;
				CLANG_WARN_DIRECT_OBJC_ISA_USAGE = YES_ERROR;
				CLANG_WARN_EMPTY_BODY = YES;
				CLANG_WARN_ENUM_CONVERSION = YES;
				CLANG_WARN_INT_CONVERSION = YES;
				CLANG_WARN_OBJC_ROOT_CLASS = YES_ERROR;
				CLANG_WARN_UNREACHABLE_CODE = YES;
				CLANG_WARN__DUPLICATE_METHOD_MATCH = YES;
				"CODE_SIGN_IDENTITY[sdk=iphoneos*]" = "iPhone Developer";
				COPY_PHASE_STRIP = NO;
				DEBUG_INFORMATION_FORMAT = dwarf;
				ENABLE_STRICT_OBJC_MSGSEND = YES;
				ENABLE_TESTABILITY = YES;
				GCC_C_LANGUAGE_STANDARD = gnu99;
				GCC_DYNAMIC_NO_PIC = NO;
				GCC_NO_COMMON_BLOCKS = YES;
				GCC_OPTIMIZATION_LEVEL = 0;
				GCC_PREPROCESSOR_DEFINITIONS = (
					"DEBUG=1",
					"$(inherited)",
				);
				GCC_WARN_64_TO_32_BIT_CONVERSION = YES;
				GCC_WARN_ABOUT_RETURN_TYPE = YES_ERROR;
				GCC_WARN_UNDECLARED_SELECTOR = YES;
				GCC_WARN_UNINITIALIZED_AUTOS = YES_AGGRESSIVE;
				GCC_WARN_UNUSED_FUNCTION = YES;
				GCC_WARN_UNUSED_VARIABLE = YES;
				IPHONEOS_DEPLOYMENT_TARGET = 9.3;
				MTL_ENABLE_DEBUG_INFO = YES;
				ONLY_ACTIVE_ARCH = YES;
				SDKROOT = iphoneos;
				TARGETED_DEVICE_FAMILY = "1,2";
			};
			name = Debug;
		};
		07D72ECF1CEBDD110015080E /* Release */ = {
			isa = XCBuildConfiguration;
			buildSettings = {
				ALWAYS_SEARCH_USER_PATHS = NO;
				CLANG_ANALYZER_NONNULL = YES;
				CLANG_CXX_LANGUAGE_STANDARD = "gnu++0x";
				CLANG_CXX_LIBRARY = "libc++";
				CLANG_ENABLE_MODULES = YES;
				CLANG_ENABLE_OBJC_ARC = YES;
				CLANG_WARN_BOOL_CONVERSION = YES;
				CLANG_WARN_CONSTANT_CONVERSION = YES;
				CLANG_WARN_DIRECT_OBJC_ISA_USAGE = YES_ERROR;
				CLANG_WARN_EMPTY_BODY = YES;
				CLANG_WARN_ENUM_CONVERSION = YES;
				CLANG_WARN_INT_CONVERSION = YES;
				CLANG_WARN_OBJC_ROOT_CLASS = YES_ERROR;
				CLANG_WARN_UNREACHABLE_CODE = YES;
				CLANG_WARN__DUPLICATE_METHOD_MATCH = YES;
				"CODE_SIGN_IDENTITY[sdk=iphoneos*]" = "iPhone Developer";
				COPY_PHASE_STRIP = NO;
				DEBUG_INFORMATION_FORMAT = "dwarf-with-dsym";
				ENABLE_NS_ASSERTIONS = NO;
				ENABLE_STRICT_OBJC_MSGSEND = YES;
				GCC_C_LANGUAGE_STANDARD = gnu99;
				GCC_NO_COMMON_BLOCKS = YES;
				GCC_WARN_64_TO_32_BIT_CONVERSION = YES;
				GCC_WARN_ABOUT_RETURN_TYPE = YES_ERROR;
				GCC_WARN_UNDECLARED_SELECTOR = YES;
				GCC_WARN_UNINITIALIZED_AUTOS = YES_AGGRESSIVE;
				GCC_WARN_UNUSED_FUNCTION = YES;
				GCC_WARN_UNUSED_VARIABLE = YES;
				IPHONEOS_DEPLOYMENT_TARGET = 9.3;
				MTL_ENABLE_DEBUG_INFO = NO;
				SDKROOT = iphoneos;
				TARGETED_DEVICE_FAMILY = "1,2";
				VALIDATE_PRODUCT = YES;
			};
			name = Release;
		};
		07D72ED11CEBDD110015080E /* Debug */ = {
			isa = XCBuildConfiguration;
			baseConfigurationReference = 07FCC9A737B3122BC3D36203 /* Pods-objc-di.debug.xcconfig */;
			buildSettings = {
				ASSETCATALOG_COMPILER_APPICON_NAME = AppIcon;
				INFOPLIST_FILE = "objc-di/Info.plist";
				LD_RUNPATH_SEARCH_PATHS = "$(inherited) @executable_path/Frameworks";
				PRODUCT_BUNDLE_IDENTIFIER = "com.upstartillustration.objc-di";
				PRODUCT_NAME = "$(TARGET_NAME)";
			};
			name = Debug;
		};
		07D72ED21CEBDD110015080E /* Release */ = {
			isa = XCBuildConfiguration;
			baseConfigurationReference = 68766B27FE4C4B24CB9C6D38 /* Pods-objc-di.release.xcconfig */;
			buildSettings = {
				ASSETCATALOG_COMPILER_APPICON_NAME = AppIcon;
				INFOPLIST_FILE = "objc-di/Info.plist";
				LD_RUNPATH_SEARCH_PATHS = "$(inherited) @executable_path/Frameworks";
				PRODUCT_BUNDLE_IDENTIFIER = "com.upstartillustration.objc-di";
				PRODUCT_NAME = "$(TARGET_NAME)";
			};
			name = Release;
		};
/* End XCBuildConfiguration section */

/* Begin XCConfigurationList section */
		0739CAC11CEC372F006FDB07 /* Build configuration list for PBXNativeTarget "Specs" */ = {
			isa = XCConfigurationList;
			buildConfigurations = (
				0739CAC21CEC372F006FDB07 /* Debug */,
				0739CAC31CEC372F006FDB07 /* Release */,
			);
			defaultConfigurationIsVisible = 0;
			defaultConfigurationName = Release;
		};
		07D72EB41CEBDD100015080E /* Build configuration list for PBXProject "objc-di" */ = {
			isa = XCConfigurationList;
			buildConfigurations = (
				07D72ECE1CEBDD110015080E /* Debug */,
				07D72ECF1CEBDD110015080E /* Release */,
			);
			defaultConfigurationIsVisible = 0;
			defaultConfigurationName = Release;
		};
		07D72ED01CEBDD110015080E /* Build configuration list for PBXNativeTarget "objc-di" */ = {
			isa = XCConfigurationList;
			buildConfigurations = (
				07D72ED11CEBDD110015080E /* Debug */,
				07D72ED21CEBDD110015080E /* Release */,
			);
			defaultConfigurationIsVisible = 0;
			defaultConfigurationName = Release;
		};
/* End XCConfigurationList section */
	};
	rootObject = 07D72EB11CEBDD100015080E /* Project object */;
}
